
Microsoft Visual Studio Solution File, Format Version 12.00
# Visual Studio Version 17
VisualStudioVersion = 17.7.34202.233
MinimumVisualStudioVersion = 10.0.40219.1
Project("{8BC9CEB8-8B4A-11D0-8D11-00A0C91BC942}") = "DSFramework", "DSFramework\DSFramework.vcxproj", "{DB3940EB-35C6-448F-BBEB-4E92B5B16E34}"
EndProject
Project("{8BC9CEB8-8B4A-11D0-8D11-00A0C91BC942}") = "DSCommunication", "DSCommunication\DSCommunication.vcxproj", "{96BB3EEA-1446-4716-9376-0039008B450A}"
EndProject
Project("{8BC9CEB8-8B4A-11D0-8D11-00A0C91BC942}") = "DSRPC", "DSRPC\DSRPC.vcxproj", "{47AE7D0B-E70F-49F4-BD5F-6EFBA59D7A98}"
EndProject
Global
	GlobalSection(SolutionConfigurationPlatforms) = preSolution
		Debug|x64 = Debug|x64
		Debug|x86 = Debug|x86
		Release|x64 = Release|x64
		Release|x86 = Release|x86
	EndGlobalSection
	GlobalSection(ProjectConfigurationPlatforms) = postSolution
		{DB3940EB-35C6-448F-BBEB-4E92B5B16E34}.Debug|x64.ActiveCfg = Debug|x64
		{DB3940EB-35C6-448F-BBEB-4E92B5B16E34}.Debug|x64.Build.0 = Debug|x64
		{DB3940EB-35C6-448F-BBEB-4E92B5B16E34}.Debug|x86.ActiveCfg = Debug|Win32
		{DB3940EB-35C6-448F-BBEB-4E92B5B16E34}.Debug|x86.Build.0 = Debug|Win32
		{DB3940EB-35C6-448F-BBEB-4E92B5B16E34}.Release|x64.ActiveCfg = Release|x64
		{DB3940EB-35C6-448F-BBEB-4E92B5B16E34}.Release|x64.Build.0 = Release|x64
		{DB3940EB-35C6-448F-BBEB-4E92B5B16E34}.Release|x86.ActiveCfg = Release|Win32
		{DB3940EB-35C6-448F-BBEB-4E92B5B16E34}.Release|x86.Build.0 = Release|Win32
		{96BB3EEA-1446-4716-9376-0039008B450A}.Debug|x64.ActiveCfg = Debug|x64
		{96BB3EEA-1446-4716-9376-0039008B450A}.Debug|x64.Build.0 = Debug|x64
		{96BB3EEA-1446-4716-9376-0039008B450A}.Debug|x86.ActiveCfg = Debug|Win32
		{96BB3EEA-1446-4716-9376-0039008B450A}.Debug|x86.Build.0 = Debug|Win32
		{96BB3EEA-1446-4716-9376-0039008B450A}.Release|x64.ActiveCfg = Release|x64
		{96BB3EEA-1446-4716-9376-0039008B450A}.Release|x64.Build.0 = Release|x64
		{96BB3EEA-1446-4716-9376-0039008B450A}.Release|x86.ActiveCfg = Release|Win32
		{96BB3EEA-1446-4716-9376-0039008B450A}.Release|x86.Build.0 = Release|Win32
		{47AE7D0B-E70F-49F4-BD5F-6EFBA59D7A98}.Debug|x64.ActiveCfg = Debug|x64
		{47AE7D0B-E70F-49F4-BD5F-6EFBA59D7A98}.Debug|x64.Build.0 = Debug|x64
		{47AE7D0B-E70F-49F4-BD5F-6EFBA59D7A98}.Debug|x86.ActiveCfg = Debug|Win32
		{47AE7D0B-E70F-49F4-BD5F-6EFBA59D7A98}.Debug|x86.Build.0 = Debug|Win32
		{47AE7D0B-E70F-49F4-BD5F-6EFBA59D7A98}.Release|x64.ActiveCfg = Release|x64
		{47AE7D0B-E70F-49F4-BD5F-6EFBA59D7A98}.Release|x64.Build.0 = Release|x64
		{47AE7D0B-E70F-49F4-BD5F-6EFBA59D7A98}.Release|x86.ActiveCfg = Release|Win32
		{47AE7D0B-E70F-49F4-BD5F-6EFBA59D7A98}.Release|x86.Build.0 = Release|Win32
	EndGlobalSection
	GlobalSection(SolutionProperties) = preSolution
		HideSolutionNode = FALSE
	EndGlobalSection
	GlobalSection(ExtensibilityGlobals) = postSolution
		SolutionGuid = {7C9ED864-97BA-43C3-8A48-B5C49D899C36}
	EndGlobalSection
EndGlobal
