<?xml version="1.0" encoding="utf-8"?>
<Project ToolsVersion="4.0" xmlns="http://schemas.microsoft.com/developer/msbuild/2003">
  <ItemGroup>
    <Filter Include="源文件">
      <UniqueIdentifier>{4FC737F1-C7A5-4376-A066-2A32D752A2FF}</UniqueIdentifier>
      <Extensions>cpp;c;cc;cxx;c++;cppm;ixx;def;odl;idl;hpj;bat;asm;asmx</Extensions>
    </Filter>
    <Filter Include="头文件">
      <UniqueIdentifier>{93995380-89BD-4b04-88EB-625FBE52EBFB}</UniqueIdentifier>
      <Extensions>h;hh;hpp;hxx;h++;hm;inl;inc;ipp;xsd</Extensions>
    </Filter>
    <Filter Include="资源文件">
      <UniqueIdentifier>{67DA6AB6-F800-4c08-8B7A-83BB121AAD01}</UniqueIdentifier>
      <Extensions>rc;ico;cur;bmp;dlg;rc2;rct;bin;rgs;gif;jpg;jpeg;jpe;resx;tiff;tif;png;wav;mfcribbon-ms</Extensions>
    </Filter>
    <Filter Include="头文件\Component">
      <UniqueIdentifier>{86c55ade-7db5-4e91-a441-d8b744f71ea3}</UniqueIdentifier>
    </Filter>
    <Filter Include="源文件\Component">
      <UniqueIdentifier>{2bde8c4e-a999-4ee3-aa76-c0490fd3c9e9}</UniqueIdentifier>
    </Filter>
    <Filter Include="头文件\Server">
      <UniqueIdentifier>{232ac6f2-bc05-47cc-9377-97bc0695e44b}</UniqueIdentifier>
    </Filter>
    <Filter Include="源文件\Server">
      <UniqueIdentifier>{a9a7d400-298b-4bf6-a76c-4fda822f1d68}</UniqueIdentifier>
    </Filter>
    <Filter Include="头文件\Packet">
      <UniqueIdentifier>{ce99d2ee-78db-41e3-b6d9-ab905961572b}</UniqueIdentifier>
    </Filter>
    <Filter Include="源文件\Packet">
      <UniqueIdentifier>{3c04cebb-f854-49fd-86d6-2be2e175ca93}</UniqueIdentifier>
    </Filter>
    <Filter Include="头文件\Ref">
      <UniqueIdentifier>{021bf799-9dd2-4d12-a539-2ca0dd05139d}</UniqueIdentifier>
    </Filter>
    <Filter Include="源文件\Ref">
      <UniqueIdentifier>{a500bb72-d070-4cc3-a290-b8084a5cbe47}</UniqueIdentifier>
    </Filter>
  </ItemGroup>
  <ItemGroup>
    <ClCompile Include="main.cpp">
      <Filter>源文件</Filter>
    </ClCompile>
    <ClCompile Include="RPCServerStub.cpp">
      <Filter>源文件\Server</Filter>
    </ClCompile>
    <ClCompile Include="..\DSCommunication\AsyncClient.cpp">
      <Filter>源文件\Ref</Filter>
    </ClCompile>
    <ClCompile Include="..\DSCommunication\AsyncTcpServer.cpp">
      <Filter>源文件\Ref</Filter>
    </ClCompile>
    <ClCompile Include="..\DSCommunication\ConAcceptor.cpp">
      <Filter>源文件\Ref</Filter>
    </ClCompile>
    <ClCompile Include="..\DSCommunication\DSCPacket.cpp">
      <Filter>源文件\Ref</Filter>
    </ClCompile>
    <ClCompile Include="..\DSCommunication\EventHandler.cpp">
      <Filter>源文件\Ref</Filter>
    </ClCompile>
    <ClCompile Include="..\DSCommunication\IOServicePool.cpp">
      <Filter>源文件\Ref</Filter>
    </ClCompile>
    <ClCompile Include="..\DSCommunication\Logger.cpp">
      <Filter>源文件\Ref</Filter>
    </ClCompile>
    <ClCompile Include="..\DSCommunication\Session.cpp">
      <Filter>源文件\Ref</Filter>
    </ClCompile>
    <ClCompile Include="..\DSCommunication\SessionManager.cpp">
      <Filter>源文件\Ref</Filter>
    </ClCompile>
    <ClCompile Include="..\DSCommunication\ThreadPool.cpp">
      <Filter>源文件\Ref</Filter>
    </ClCompile>
    <ClCompile Include="RPCPacketManager.cpp">
      <Filter>源文件\Server</Filter>
    </ClCompile>
    <ClCompile Include="RPCPacket.pb.cc">
      <Filter>源文件\Packet</Filter>
    </ClCompile>
    <ClCompile Include="RequestDispatcher.cpp">
      <Filter>源文件\Server</Filter>
    </ClCompile>
    <ClCompile Include="RPCServer.cpp">
      <Filter>源文件</Filter>
    </ClCompile>
    <ClCompile Include="RPCEventHandler.cpp">
      <Filter>源文件\Server</Filter>
    </ClCompile>
  </ItemGroup>
  <ItemGroup>
    <ClInclude Include="RPCServerStub.h">
      <Filter>头文件\Server</Filter>
    </ClInclude>
    <ClInclude Include="Dispatcher.h">
      <Filter>头文件\Component</Filter>
    </ClInclude>
    <ClInclude Include="..\DSCommunication\AsyncTcpClient.h">
      <Filter>头文件\Ref</Filter>
    </ClInclude>
    <ClInclude Include="..\DSCommunication\AsyncTcpServer.h">
      <Filter>头文件\Ref</Filter>
    </ClInclude>
    <ClInclude Include="..\DSCommunication\ConAcceptor.h">
      <Filter>头文件\Ref</Filter>
    </ClInclude>
    <ClInclude Include="..\DSCommunication\ConcurrentQueue.h">
      <Filter>头文件\Ref</Filter>
    </ClInclude>
    <ClInclude Include="..\DSCommunication\DSCPacket.h">
      <Filter>头文件\Ref</Filter>
    </ClInclude>
    <ClInclude Include="..\DSCommunication\EventHandler.h">
      <Filter>头文件\Ref</Filter>
    </ClInclude>
    <ClInclude Include="..\DSCommunication\IOServicePool.h">
      <Filter>头文件\Ref</Filter>
    </ClInclude>
    <ClInclude Include="..\DSCommunication\Logger.h">
      <Filter>头文件\Ref</Filter>
    </ClInclude>
    <ClInclude Include="..\DSCommunication\Session.h">
      <Filter>头文件\Ref</Filter>
    </ClInclude>
    <ClInclude Include="..\DSCommunication\SessionManager.h">
      <Filter>头文件\Ref</Filter>
    </ClInclude>
    <ClInclude Include="..\DSCommunication\Singleton.h">
      <Filter>头文件\Ref</Filter>
    </ClInclude>
    <ClInclude Include="..\DSCommunication\ThreadPool.h">
      <Filter>头文件\Ref</Filter>
    </ClInclude>
    <ClInclude Include="RPCPacketFactory.h">
      <Filter>头文件\Packet</Filter>
    </ClInclude>
    <ClInclude Include="RPCPacketManager.h">
      <Filter>头文件\Server</Filter>
    </ClInclude>
    <ClInclude Include="RPCPacket.pb.h">
      <Filter>头文件\Packet</Filter>
    </ClInclude>
    <ClInclude Include="RequestDispatcher.h">
      <Filter>头文件\Server</Filter>
    </ClInclude>
    <ClInclude Include="RPCServer.h">
      <Filter>头文件</Filter>
    </ClInclude>
    <ClInclude Include="RPCProcedure.h">
      <Filter>头文件</Filter>
    </ClInclude>
    <ClInclude Include="RPCEventHandler.h">
      <Filter>头文件\Server</Filter>
    </ClInclude>
  </ItemGroup>
</Project>